
Microsoft Visual Studio Solution File, Format Version 12.00
# Visual Studio Version 16
VisualStudioVersion = 16.0.30114.105
MinimumVisualStudioVersion = 10.0.40219.1
Project("{FAE04EC0-301F-11D3-BF4B-00C04F79EFBC}") = "DAL", "DAL\DAL.csproj", "{CC0B40FC-6553-485E-862D-943C0C1C9594}"
EndProject
Project("{FAE04EC0-301F-11D3-BF4B-00C04F79EFBC}") = "WebUI", "WebUI\WebUI.csproj", "{73377542-71F8-45C2-A962-71A314AA6E59}"
EndProject
Global
	GlobalSection(SolutionConfigurationPlatforms) = preSolution
		Debug|Any CPU = Debug|Any CPU
		Release|Any CPU = Release|Any CPU
	EndGlobalSection
	GlobalSection(SolutionProperties) = preSolution
		HideSolutionNode = FALSE
	EndGlobalSection
	GlobalSection(ProjectConfigurationPlatforms) = postSolution
		{CC0B40FC-6553-485E-862D-943C0C1C9594}.Debug|Any CPU.ActiveCfg = Debug|Any CPU
		{CC0B40FC-6553-485E-862D-943C0C1C9594}.Debug|Any CPU.Build.0 = Debug|Any CPU
		{CC0B40FC-6553-485E-862D-943C0C1C9594}.Release|Any CPU.ActiveCfg = Release|Any CPU
		{CC0B40FC-6553-485E-862D-943C0C1C9594}.Release|Any CPU.Build.0 = Release|Any CPU
		{73377542-71F8-45C2-A962-71A314AA6E59}.Debug|Any CPU.ActiveCfg = Debug|Any CPU
		{73377542-71F8-45C2-A962-71A314AA6E59}.Debug|Any CPU.Build.0 = Debug|Any CPU
		{73377542-71F8-45C2-A962-71A314AA6E59}.Release|Any CPU.ActiveCfg = Release|Any CPU
		{73377542-71F8-45C2-A962-71A314AA6E59}.Release|Any CPU.Build.0 = Release|Any CPU
	EndGlobalSection
EndGlobal
